
Microsoft Visual Studio Solution File, Format Version 9.00
# Visual Studio 2005
Project("{8BC9CEB8-8B4A-11D0-8D11-00A0C91BC942}") = "Gray8", "Gray8_64.vcproj", "{E07498DF-BADB-40E8-962C-C284E17A6B8F}"
EndProject
Project("{8BC9CEB8-8B4A-11D0-8D11-00A0C91BC942}") = "Gray16", "Gray16_64.vcproj", "{388492C6-AAB2-4F69-942F-48434CC5A760}"
EndProject
Project("{8BC9CEB8-8B4A-11D0-8D11-00A0C91BC942}") = "MediumGray16", "MediumGray16_64.vcproj", "{ECAE2BC5-70DC-472C-9209-F5BDD6781CB7}"
EndProject
Project("{8BC9CEB8-8B4A-11D0-8D11-00A0C91BC942}") = "MediumGray", "MediumGray_64.vcproj", "{B53C692E-F984-4A75-8357-6CD0AE9189CD}"
EndProject
Project("{8BC9CEB8-8B4A-11D0-8D11-00A0C91BC942}") = "MediumRGB24", "MediumRGB24_64.vcproj", "{E7ADCA19-BB35-4CDB-85BC-D6F6CBDE82C6}"
EndProject
Project("{8BC9CEB8-8B4A-11D0-8D11-00A0C91BC942}") = "MediumRGB48", "MediumRGB48_64.vcproj", "{66203F0F-35C5-49AC-ABAA-6F5AAC5D74E6}"
EndProject
Project("{8BC9CEB8-8B4A-11D0-8D11-00A0C91BC942}") = "RGB24", "RGB24_64.vcproj", "{D7BCC038-9110-472B-8E39-EB524750EF99}"
EndProject
Global
	GlobalSection(SolutionConfigurationPlatforms) = preSolution
		Debug|Win32 = Debug|Win32
		Debug|x64 = Debug|x64
		Release|Win32 = Release|Win32
		Release|x64 = Release|x64
	EndGlobalSection
	GlobalSection(ProjectConfigurationPlatforms) = postSolution
		{E07498DF-BADB-40E8-962C-C284E17A6B8F}.Debug|Win32.ActiveCfg = Debug|Win32
		{E07498DF-BADB-40E8-962C-C284E17A6B8F}.Debug|Win32.Build.0 = Debug|Win32
		{E07498DF-BADB-40E8-962C-C284E17A6B8F}.Debug|x64.ActiveCfg = Debug|x64
		{E07498DF-BADB-40E8-962C-C284E17A6B8F}.Debug|x64.Build.0 = Debug|x64
		{E07498DF-BADB-40E8-962C-C284E17A6B8F}.Release|Win32.ActiveCfg = Release|Win32
		{E07498DF-BADB-40E8-962C-C284E17A6B8F}.Release|Win32.Build.0 = Release|Win32
		{E07498DF-BADB-40E8-962C-C284E17A6B8F}.Release|x64.ActiveCfg = Release|x64
		{E07498DF-BADB-40E8-962C-C284E17A6B8F}.Release|x64.Build.0 = Release|x64
		{388492C6-AAB2-4F69-942F-48434CC5A760}.Debug|Win32.ActiveCfg = Debug|Win32
		{388492C6-AAB2-4F69-942F-48434CC5A760}.Debug|Win32.Build.0 = Debug|Win32
		{388492C6-AAB2-4F69-942F-48434CC5A760}.Debug|x64.ActiveCfg = Debug|x64
		{388492C6-AAB2-4F69-942F-48434CC5A760}.Debug|x64.Build.0 = Debug|x64
		{388492C6-AAB2-4F69-942F-48434CC5A760}.Release|Win32.ActiveCfg = Release|Win32
		{388492C6-AAB2-4F69-942F-48434CC5A760}.Release|Win32.Build.0 = Release|Win32
		{388492C6-AAB2-4F69-942F-48434CC5A760}.Release|x64.ActiveCfg = Release|x64
		{388492C6-AAB2-4F69-942F-48434CC5A760}.Release|x64.Build.0 = Release|x64
		{ECAE2BC5-70DC-472C-9209-F5BDD6781CB7}.Debug|Win32.ActiveCfg = Debug|Win32
		{ECAE2BC5-70DC-472C-9209-F5BDD6781CB7}.Debug|Win32.Build.0 = Debug|Win32
		{ECAE2BC5-70DC-472C-9209-F5BDD6781CB7}.Debug|x64.ActiveCfg = Debug|x64
		{ECAE2BC5-70DC-472C-9209-F5BDD6781CB7}.Debug|x64.Build.0 = Debug|x64
		{ECAE2BC5-70DC-472C-9209-F5BDD6781CB7}.Release|Win32.ActiveCfg = Release|Win32
		{ECAE2BC5-70DC-472C-9209-F5BDD6781CB7}.Release|Win32.Build.0 = Release|Win32
		{ECAE2BC5-70DC-472C-9209-F5BDD6781CB7}.Release|x64.ActiveCfg = Release|x64
		{ECAE2BC5-70DC-472C-9209-F5BDD6781CB7}.Release|x64.Build.0 = Release|x64
		{B53C692E-F984-4A75-8357-6CD0AE9189CD}.Debug|Win32.ActiveCfg = Debug|Win32
		{B53C692E-F984-4A75-8357-6CD0AE9189CD}.Debug|Win32.Build.0 = Debug|Win32
		{B53C692E-F984-4A75-8357-6CD0AE9189CD}.Debug|x64.ActiveCfg = Debug|x64
		{B53C692E-F984-4A75-8357-6CD0AE9189CD}.Debug|x64.Build.0 = Debug|x64
		{B53C692E-F984-4A75-8357-6CD0AE9189CD}.Release|Win32.ActiveCfg = Release|Win32
		{B53C692E-F984-4A75-8357-6CD0AE9189CD}.Release|Win32.Build.0 = Release|Win32
		{B53C692E-F984-4A75-8357-6CD0AE9189CD}.Release|x64.ActiveCfg = Release|x64
		{B53C692E-F984-4A75-8357-6CD0AE9189CD}.Release|x64.Build.0 = Release|x64
		{E7ADCA19-BB35-4CDB-85BC-D6F6CBDE82C6}.Debug|Win32.ActiveCfg = Debug|Win32
		{E7ADCA19-BB35-4CDB-85BC-D6F6CBDE82C6}.Debug|Win32.Build.0 = Debug|Win32
		{E7ADCA19-BB35-4CDB-85BC-D6F6CBDE82C6}.Debug|x64.ActiveCfg = Debug|x64
		{E7ADCA19-BB35-4CDB-85BC-D6F6CBDE82C6}.Debug|x64.Build.0 = Debug|x64
		{E7ADCA19-BB35-4CDB-85BC-D6F6CBDE82C6}.Release|Win32.ActiveCfg = Release|Win32
		{E7ADCA19-BB35-4CDB-85BC-D6F6CBDE82C6}.Release|Win32.Build.0 = Release|Win32
		{E7ADCA19-BB35-4CDB-85BC-D6F6CBDE82C6}.Release|x64.ActiveCfg = Release|x64
		{E7ADCA19-BB35-4CDB-85BC-D6F6CBDE82C6}.Release|x64.Build.0 = Release|x64
		{66203F0F-35C5-49AC-ABAA-6F5AAC5D74E6}.Debug|Win32.ActiveCfg = Debug|Win32
		{66203F0F-35C5-49AC-ABAA-6F5AAC5D74E6}.Debug|Win32.Build.0 = Debug|Win32
		{66203F0F-35C5-49AC-ABAA-6F5AAC5D74E6}.Debug|x64.ActiveCfg = Debug|x64
		{66203F0F-35C5-49AC-ABAA-6F5AAC5D74E6}.Debug|x64.Build.0 = Debug|x64
		{66203F0F-35C5-49AC-ABAA-6F5AAC5D74E6}.Release|Win32.ActiveCfg = Release|Win32
		{66203F0F-35C5-49AC-ABAA-6F5AAC5D74E6}.Release|Win32.Build.0 = Release|Win32
		{66203F0F-35C5-49AC-ABAA-6F5AAC5D74E6}.Release|x64.ActiveCfg = Release|x64
		{66203F0F-35C5-49AC-ABAA-6F5AAC5D74E6}.Release|x64.Build.0 = Release|x64
		{D7BCC038-9110-472B-8E39-EB524750EF99}.Debug|Win32.ActiveCfg = Debug|Win32
		{D7BCC038-9110-472B-8E39-EB524750EF99}.Debug|Win32.Build.0 = Debug|Win32
		{D7BCC038-9110-472B-8E39-EB524750EF99}.Debug|x64.ActiveCfg = Debug|x64
		{D7BCC038-9110-472B-8E39-EB524750EF99}.Debug|x64.Build.0 = Debug|x64
		{D7BCC038-9110-472B-8E39-EB524750EF99}.Release|Win32.ActiveCfg = Release|Win32
		{D7BCC038-9110-472B-8E39-EB524750EF99}.Release|Win32.Build.0 = Release|Win32
		{D7BCC038-9110-472B-8E39-EB524750EF99}.Release|x64.ActiveCfg = Release|x64
		{D7BCC038-9110-472B-8E39-EB524750EF99}.Release|x64.Build.0 = Release|x64
	EndGlobalSection
	GlobalSection(SolutionProperties) = preSolution
		HideSolutionNode = FALSE
	EndGlobalSection
EndGlobal
